# THIS IS AN AUTOGENERATED FILE. DO NOT EDIT THIS FILE DIRECTLY.
# yarn lockfile v1


axios-on-rails@0.0.1:
  version "0.0.1"
  resolved "https://registry.yarnpkg.com/axios-on-rails/-/axios-on-rails-0.0.1.tgz#3964f774cbb278158bff104de8fa1b2583b27201"
  integrity sha512-RJmyrzE1gBSt8yBWLO8WRlLO9VVG50KQurjaXuxJmhpZbftBWbIc8/xpRYpBEMCdhCvOue9/7w10f7H3xTgX9Q==
  dependencies:
    axios "^0.17.1"
    rails-ujs "^5.1.4"

axios@^0.17.1:
  version "0.17.1"
  resolved "https://registry.yarnpkg.com/axios/-/axios-0.17.1.tgz#2d8e3e5d0bdbd7327f91bc814f5c57660f81824d"
  integrity sha1-LY4+XQvb1zJ/kbyBT1xXZg+Bgk0=
  dependencies:
    follow-redirects "^1.2.5"
    is-buffer "^1.1.5"

axios@^0.21.1:
  version "0.21.1"
  resolved "https://registry.yarnpkg.com/axios/-/axios-0.21.1.tgz#22563481962f4d6bde9a76d516ef0e5d3c09b2b8"
  integrity sha512-dKQiRHxGD9PPRIUNIWvZhPTPpl1rf/OxTYKsqKUDjBwYylTvV7SjSHJb9ratfyzM6wCdLCOYLzs73qpg5c4iGA==
  dependencies:
    follow-redirects "^1.10.0"

follow-redirects@^1.10.0, follow-redirects@^1.2.5:
  version "1.13.1"
  resolved "https://registry.yarnpkg.com/follow-redirects/-/follow-redirects-1.13.1.tgz#5f69b813376cee4fd0474a3aba835df04ab763b7"
  integrity sha512-SSG5xmZh1mkPGyKzjZP8zLjltIfpW32Y5QpdNJyjcfGxK3qo3NDDkZOZSFiGn1A6SclQxY9GzEwAHQ3dmYRWpg==

immutability-helper@^3.0.0:
  version "3.0.0"
  resolved "https://registry.yarnpkg.com/immutability-helper/-/immutability-helper-3.0.0.tgz#a74e989c60e2ddab85a6abeed8078981b2d13271"
  integrity sha512-Ww7oOSnBIRb9ihT9UH9eHz0uhie0rw9bpqGYCb7qD5VpsdOLv+fx/KCRgHqvX/13LgSM5sDfsLpeSIM6kodUxQ==
  dependencies:
    invariant "^2.2.4"

invariant@^2.2.4:
  version "2.2.4"
  resolved "https://registry.yarnpkg.com/invariant/-/invariant-2.2.4.tgz#610f3c92c9359ce1db616e538008d23ff35158e6"
  integrity sha512-phJfQVBuaJM5raOpJjSfkiD6BpbCE4Ns//LaXl6wGYtUBY83nWS6Rf9tXm2e8VaK60JEjYldbPif/A2B1C2gNA==
  dependencies:
    loose-envify "^1.0.0"

is-buffer@^1.1.5:
  version "1.1.6"
  resolved "https://registry.yarnpkg.com/is-buffer/-/is-buffer-1.1.6.tgz#efaa2ea9daa0d7ab2ea13a97b2b8ad51fefbe8be"
  integrity sha512-NcdALwpXkTm5Zvvbk7owOUSvVvBKDgKP5/ewfXEznmQFfs4ZRmanOeKBTjRVjka3QFoN6XJ+9F3USqfHqTaU5w==

"js-tokens@^3.0.0 || ^4.0.0":
  version "4.0.0"
  resolved "https://registry.yarnpkg.com/js-tokens/-/js-tokens-4.0.0.tgz#19203fb59991df98e3a287050d4647cdeaf32499"
  integrity sha512-RdJUflcE3cUzKiMqQgsCu06FPu9UdIJO0beYbPhHN4k6apgJtifcoCtT9bcxOpYBtpD2kCM6Sbzg4CausW/PKQ==

loose-envify@^1.0.0:
  version "1.4.0"
  resolved "https://registry.yarnpkg.com/loose-envify/-/loose-envify-1.4.0.tgz#71ee51fa7be4caec1a63839f7e682d8132d30caf"
  integrity sha512-lyuxPGr/Wfhrlem2CL/UcnUc1zcqKAImBDzukY7Y5F/yQiNdko6+fRLevlw1HgMySw7f611UIY408EtxRSoK3Q==
  dependencies:
    js-tokens "^3.0.0 || ^4.0.0"

rails-ujs@^5.1.4:
  version "5.2.2"
  resolved "https://registry.yarnpkg.com/rails-ujs/-/rails-ujs-5.2.2.tgz#ab01dd087a323975637b50e93e7afcc0f9068568"
  integrity sha512-tJl7MdysGrQEKmwF7BJkz5XwUOkdnI9E7SvSbT39yO7pdFc96D4hWKm6Sb15pU4n5mt4rLPb/6kkyTQujP1k7Q==
